// !$*UTF8*$!
{
	archiveVersion = 1;
	classes = {
	};
	objectVersion = 48;
	objects = {

/* Begin PBXBuildFile section */
		8E3FBD6C1F7A010800C24FE8 /* AppDelegate.m in Sources */ = {isa = PBXBuildFile; fileRef = 8E3FBD6B1F7A010800C24FE8 /* AppDelegate.m */; };
		8E3FBD6E1F7A010800C24FE8 /* Assets.xcassets in Resources */ = {isa = PBXBuildFile; fileRef = 8E3FBD6D1F7A010800C24FE8 /* Assets.xcassets */; };
		8E3FBD711F7A010800C24FE8 /* MainMenu.xib in Resources */ = {isa = PBXBuildFile; fileRef = 8E3FBD6F1F7A010800C24FE8 /* MainMenu.xib */; };
		8E3FBD741F7A010800C24FE8 /* main.m in Sources */ = {isa = PBXBuildFile; fileRef = 8E3FBD731F7A010800C24FE8 /* main.m */; };
		8E3FBD801F7A027600C24FE8 /* StatusMenuController.m in Sources */ = {isa = PBXBuildFile; fileRef = 8E3FBD7F1F7A027600C24FE8 /* StatusMenuController.m */; };
		8EE3829B1F7B678D00065286 /* MenuItemView.m in Sources */ = {isa = PBXBuildFile; fileRef = 8EE3829A1F7B678D00065286 /* MenuItemView.m */; };
/* End PBXBuildFile section */

/* Begin PBXFileReference section */
		8E3FBD671F7A010800C24FE8 /* PopOver.app */ = {isa = PBXFileReference; explicitFileType = wrapper.application; includeInIndex = 0; path = PopOver.app; sourceTree = BUILT_PRODUCTS_DIR; };
		8E3FBD6A1F7A010800C24FE8 /* AppDelegate.h */ = {isa = PBXFileReference; lastKnownFileType = sourcecode.c.h; path = AppDelegate.h; sourceTree = "<group>"; };
		8E3FBD6B1F7A010800C24FE8 /* AppDelegate.m */ = {isa = PBXFileReference; lastKnownFileType = sourcecode.c.objc; path = AppDelegate.m; sourceTree = "<group>"; };
		8E3FBD6D1F7A010800C24FE8 /* Assets.xcassets */ = {isa = PBXFileReference; lastKnownFileType = folder.assetcatalog; path = Assets.xcassets; sourceTree = "<group>"; };
		8E3FBD701F7A010800C24FE8 /* Base */ = {isa = PBXFileReference; lastKnownFileType = file.xib; name = Base; path = Base.lproj/MainMenu.xib; sourceTree = "<group>"; };
		8E3FBD721F7A010800C24FE8 /* Info.plist */ = {isa = PBXFileReference; lastKnownFileType = text.plist.xml; path = Info.plist; sourceTree = "<group>"; };
		8E3FBD731F7A010800C24FE8 /* main.m */ = {isa = PBXFileReference; lastKnownFileType = sourcecode.c.objc; path = main.m; sourceTree = "<group>"; };
		8E3FBD751F7A010800C24FE8 /* PopOver.entitlements */ = {isa = PBXFileReference; lastKnownFileType = text.plist.entitlements; path = PopOver.entitlements; sourceTree = "<group>"; };
		8E3FBD7E1F7A027600C24FE8 /* StatusMenuController.h */ = {isa = PBXFileReference; lastKnownFileType = sourcecode.c.h; path = StatusMenuController.h; sourceTree = "<group>"; };
		8E3FBD7F1F7A027600C24FE8 /* StatusMenuController.m */ = {isa = PBXFileReference; lastKnownFileType = sourcecode.c.objc; path = StatusMenuController.m; sourceTree = "<group>"; };
		8EE382991F7B678D00065286 /* MenuItemView.h */ = {isa = PBXFileReference; lastKnownFileType = sourcecode.c.h; path = MenuItemView.h; sourceTree = "<group>"; };
		8EE3829A1F7B678D00065286 /* MenuItemView.m */ = {isa = PBXFileReference; lastKnownFileType = sourcecode.c.objc; path = MenuItemView.m; sourceTree = "<group>"; };
/* End PBXFileReference section */

/* Begin PBXFrameworksBuildPhase section */
		8E3FBD641F7A010800C24FE8 /* Frameworks */ = {
			isa = PBXFrameworksBuildPhase;
			buildActionMask = 2147483647;
			files = (
			);
			runOnlyForDeploymentPostprocessing = 0;
		};
/* End PBXFrameworksBuildPhase section */

/* Begin PBXGroup section */
		8E3FBD5E1F7A010800C24FE8 = {
			isa = PBXGroup;
			children = (
				8E3FBD691F7A010800C24FE8 /* PopOver */,
				8E3FBD681F7A010800C24FE8 /* Products */,
			);
			sourceTree = "<group>";
		};
		8E3FBD681F7A010800C24FE8 /* Products */ = {
			isa = PBXGroup;
			children = (
				8E3FBD671F7A010800C24FE8 /* PopOver.app */,
			);
			name = Products;
			sourceTree = "<group>";
		};
		8E3FBD691F7A010800C24FE8 /* PopOver */ = {
			isa = PBXGroup;
			children = (
				8E3FBD6A1F7A010800C24FE8 /* AppDelegate.h */,
				8E3FBD6B1F7A010800C24FE8 /* AppDelegate.m */,
				8E3FBD7E1F7A027600C24FE8 /* StatusMenuController.h */,
				8E3FBD7F1F7A027600C24FE8 /* StatusMenuController.m */,
				8EE382991F7B678D00065286 /* MenuItemView.h */,
				8EE3829A1F7B678D00065286 /* MenuItemView.m */,
				8E3FBD6D1F7A010800C24FE8 /* Assets.xcassets */,
				8E3FBD6F1F7A010800C24FE8 /* MainMenu.xib */,
				8E3FBD721F7A010800C24FE8 /* Info.plist */,
				8E3FBD731F7A010800C24FE8 /* main.m */,
				8E3FBD751F7A010800C24FE8 /* PopOver.entitlements */,
			);
			path = PopOver;
			sourceTree = "<group>";
		};
/* End PBXGroup section */

/* Begin PBXNativeTarget section */
		8E3FBD661F7A010800C24FE8 /* PopOver */ = {
			isa = PBXNativeTarget;
			buildConfigurationList = 8E3FBD781F7A010800C24FE8 /* Build configuration list for PBXNativeTarget "PopOver" */;
			buildPhases = (
				8E3FBD631F7A010800C24FE8 /* Sources */,
				8E3FBD641F7A010800C24FE8 /* Frameworks */,
				8E3FBD651F7A010800C24FE8 /* Resources */,
			);
			buildRules = (
			);
			dependencies = (
			);
			name = PopOver;
			productName = PopOver;
			productReference = 8E3FBD671F7A010800C24FE8 /* PopOver.app */;
			productType = "com.apple.product-type.application";
		};
/* End PBXNativeTarget section */

/* Begin PBXProject section */
		8E3FBD5F1F7A010800C24FE8 /* Project object */ = {
			isa = PBXProject;
			attributes = {
				LastUpgradeCheck = 0900;
				ORGANIZATIONNAME = "Jim Jin [STAFF]";
				TargetAttributes = {
					8E3FBD661F7A010800C24FE8 = {
						CreatedOnToolsVersion = 9.0;
						ProvisioningStyle = Automatic;
					};
				};
			};
			buildConfigurationList = 8E3FBD621F7A010800C24FE8 /* Build configuration list for PBXProject "PopOver" */;
			compatibilityVersion = "Xcode 8.0";
			developmentRegion = en;
			hasScannedForEncodings = 0;
			knownRegions = (
				en,
				Base,
			);
			mainGroup = 8E3FBD5E1F7A010800C24FE8;
			productRefGroup = 8E3FBD681F7A010800C24FE8 /* Products */;
			projectDirPath = "";
			projectRoot = "";
			targets = (
				8E3FBD661F7A010800C24FE8 /* PopOver */,
			);
		};
/* End PBXProject section */

/* Begin PBXResourcesBuildPhase section */
		8E3FBD651F7A010800C24FE8 /* Resources */ = {
			isa = PBXResourcesBuildPhase;
			buildActionMask = 2147483647;
			files = (
				8E3FBD6E1F7A010800C24FE8 /* Assets.xcassets in Resources */,
				8E3FBD711F7A010800C24FE8 /* MainMenu.xib in Resources */,
			);
			runOnlyForDeploymentPostprocessing = 0;
		};
/* End PBXResourcesBuildPhase section */

/* Begin PBXSourcesBuildPhase section */
		8E3FBD631F7A010800C24FE8 /* Sources */ = {
			isa = PBXSourcesBuildPhase;
			buildActionMask = 2147483647;
			files = (
				8EE3829B1F7B678D00065286 /* MenuItemView.m in Sources */,
				8E3FBD741F7A010800C24FE8 /* main.m in Sources */,
				8E3FBD801F7A027600C24FE8 /* StatusMenuController.m in Sources */,
				8E3FBD6C1F7A010800C24FE8 /* AppDelegate.m in Sources */,
			);
			runOnlyForDeploymentPostprocessing = 0;
		};
/* End PBXSourcesBuildPhase section */

/* Begin PBXVariantGroup section */
		8E3FBD6F1F7A010800C24FE8 /* MainMenu.xib */ = {
			isa = PBXVariantGroup;
			children = (
				8E3FBD701F7A010800C24FE8 /* Base */,
			);
			name = MainMenu.xib;
			sourceTree = "<group>";
		};
/* End PBXVariantGroup section */

/* Begin XCBuildConfiguration section */
		8E3FBD761F7A010800C24FE8 /* Debug */ = {
			isa = XCBuildConfiguration;
			buildSettings = {
				ALWAYS_SEARCH_USER_PATHS = NO;
				CLANG_ANALYZER_NONNULL = YES;
				CLANG_ANALYZER_NUMBER_OBJECT_CONVERSION = YES_AGGRESSIVE;
				CLANG_CXX_LANGUAGE_STANDARD = "gnu++14";
				CLANG_CXX_LIBRARY = "libc++";
				CLANG_ENABLE_MODULES = YES;
				CLANG_ENABLE_OBJC_ARC = YES;
				CLANG_WARN_BLOCK_CAPTURE_AUTORELEASING = YES;
				CLANG_WARN_BOOL_CONVERSION = YES;
				CLANG_WARN_COMMA = YES;
				CLANG_WARN_CONSTANT_CONVERSION = YES;
				CLANG_WARN_DIRECT_OBJC_ISA_USAGE = YES_ERROR;
				CLANG_WARN_DOCUMENTATION_COMMENTS = YES;
				CLANG_WARN_EMPTY_BODY = YES;
				CLANG_WARN_ENUM_CONVERSION = YES;
				CLANG_WARN_INFINITE_RECURSION = YES;
				CLANG_WARN_INT_CONVERSION = YES;
				CLANG_WARN_NON_LITERAL_NULL_CONVERSION = YES;
				CLANG_WARN_OBJC_LITERAL_CONVERSION = YES;
				CLANG_WARN_OBJC_ROOT_CLASS = YES_ERROR;
				CLANG_WARN_RANGE_LOOP_ANALYSIS = YES;
				CLANG_WARN_STRICT_PROTOTYPES = YES;
				CLANG_WARN_SUSPICIOUS_MOVE = YES;
				CLANG_WARN_UNGUARDED_AVAILABILITY = YES_AGGRESSIVE;
				CLANG_WARN_UNREACHABLE_CODE = YES;
				CLANG_WARN__DUPLICATE_METHOD_MATCH = YES;
				CODE_SIGN_IDENTITY = "-";
				COPY_PHASE_STRIP = NO;
				DEBUG_INFORMATION_FORMAT = dwarf;
				ENABLE_STRICT_OBJC_MSGSEND = YES;
				ENABLE_TESTABILITY = YES;
				GCC_C_LANGUAGE_STANDARD = gnu11;
				GCC_DYNAMIC_NO_PIC = NO;
				GCC_NO_COMMON_BLOCKS = YES;
				GCC_OPTIMIZATION_LEVEL = 0;
				GCC_PREPROCESSOR_DEFINITIONS = (
					"DEBUG=1",
					"$(inherited)",
				);
				GCC_WARN_64_TO_32_BIT_CONVERSION = YES;
				GCC_WARN_ABOUT_RETURN_TYPE = YES_ERROR;
				GCC_WARN_UNDECLARED_SELECTOR = YES;
				GCC_WARN_UNINITIALIZED_AUTOS = YES_AGGRESSIVE;
				GCC_WARN_UNUSED_FUNCTION = YES;
				GCC_WARN_UNUSED_VARIABLE = YES;
				MACOSX_DEPLOYMENT_TARGET = 10.12;
				MTL_ENABLE_DEBUG_INFO = YES;
				ONLY_ACTIVE_ARCH = YES;
				SDKROOT = macosx;
			};
			name = Debug;
		};
		8E3FBD771F7A010800C24FE8 /* Release */ = {
			isa = XCBuildConfiguration;
			buildSettings = {
				ALWAYS_SEARCH_USER_PATHS = NO;
				CLANG_ANALYZER_NONNULL = YES;
				CLANG_ANALYZER_NUMBER_OBJECT_CONVERSION = YES_AGGRESSIVE;
				CLANG_CXX_LANGUAGE_STANDARD = "gnu++14";
				CLANG_CXX_LIBRARY = "libc++";
				CLANG_ENABLE_MODULES = YES;
				CLANG_ENABLE_OBJC_ARC = YES;
				CLANG_WARN_BLOCK_CAPTURE_AUTORELEASING = YES;
				CLANG_WARN_BOOL_CONVERSION = YES;
				CLANG_WARN_COMMA = YES;
				CLANG_WARN_CONSTANT_CONVERSION = YES;
				CLANG_WARN_DIRECT_OBJC_ISA_USAGE = YES_ERROR;
				CLANG_WARN_DOCUMENTATION_COMMENTS = YES;
				CLANG_WARN_EMPTY_BODY = YES;
				CLANG_WARN_ENUM_CONVERSION = YES;
				CLANG_WARN_INFINITE_RECURSION = YES;
				CLANG_WARN_INT_CONVERSION = YES;
				CLANG_WARN_NON_LITERAL_NULL_CONVERSION = YES;
				CLANG_WARN_OBJC_LITERAL_CONVERSION = YES;
				CLANG_WARN_OBJC_ROOT_CLASS = YES_ERROR;
				CLANG_WARN_RANGE_LOOP_ANALYSIS = YES;
				CLANG_WARN_STRICT_PROTOTYPES = YES;
				CLANG_WARN_SUSPICIOUS_MOVE = YES;
				CLANG_WARN_UNGUARDED_AVAILABILITY = YES_AGGRESSIVE;
				CLANG_WARN_UNREACHABLE_CODE = YES;
				CLANG_WARN__DUPLICATE_METHOD_MATCH = YES;
				CODE_SIGN_IDENTITY = "-";
				COPY_PHASE_STRIP = NO;
				DEBUG_INFORMATION_FORMAT = "dwarf-with-dsym";
				ENABLE_NS_ASSERTIONS = NO;
				ENABLE_STRICT_OBJC_MSGSEND = YES;
				GCC_C_LANGUAGE_STANDARD = gnu11;
				GCC_NO_COMMON_BLOCKS = YES;
				GCC_WARN_64_TO_32_BIT_CONVERSION = YES;
				GCC_WARN_ABOUT_RETURN_TYPE = YES_ERROR;
				GCC_WARN_UNDECLARED_SELECTOR = YES;
				GCC_WARN_UNINITIALIZED_AUTOS = YES_AGGRESSIVE;
				GCC_WARN_UNUSED_FUNCTION = YES;
				GCC_WARN_UNUSED_VARIABLE = YES;
				MACOSX_DEPLOYMENT_TARGET = 10.12;
				MTL_ENABLE_DEBUG_INFO = NO;
				SDKROOT = macosx;
			};
			name = Release;
		};
		8E3FBD791F7A010800C24FE8 /* Debug */ = {
			isa = XCBuildConfiguration;
			buildSettings = {
				ASSETCATALOG_COMPILER_APPICON_NAME = AppIcon;
				CODE_SIGN_ENTITLEMENTS = PopOver/PopOver.entitlements;
				CODE_SIGN_STYLE = Automatic;
				COMBINE_HIDPI_IMAGES = YES;
				INFOPLIST_FILE = PopOver/Info.plist;
				LD_RUNPATH_SEARCH_PATHS = "$(inherited) @executable_path/../Frameworks";
				PRODUCT_BUNDLE_IDENTIFIER = ISB.PopOver;
				PRODUCT_NAME = "$(TARGET_NAME)";
			};
			name = Debug;
		};
		8E3FBD7A1F7A010800C24FE8 /* Release */ = {
			isa = XCBuildConfiguration;
			buildSettings = {
				ASSETCATALOG_COMPILER_APPICON_NAME = AppIcon;
				CODE_SIGN_ENTITLEMENTS = PopOver/PopOver.entitlements;
				CODE_SIGN_STYLE = Automatic;
				COMBINE_HIDPI_IMAGES = YES;
				INFOPLIST_FILE = PopOver/Info.plist;
				LD_RUNPATH_SEARCH_PATHS = "$(inherited) @executable_path/../Frameworks";
				PRODUCT_BUNDLE_IDENTIFIER = ISB.PopOver;
				PRODUCT_NAME = "$(TARGET_NAME)";
			};
			name = Release;
		};
/* End XCBuildConfiguration section */

/* Begin XCConfigurationList section */
		8E3FBD621F7A010800C24FE8 /* Build configuration list for PBXProject "PopOver" */ = {
			isa = XCConfigurationList;
			buildConfigurations = (
				8E3FBD761F7A010800C24FE8 /* Debug */,
				8E3FBD771F7A010800C24FE8 /* Release */,
			);
			defaultConfigurationIsVisible = 0;
			defaultConfigurationName = Release;
		};
		8E3FBD781F7A010800C24FE8 /* Build configuration list for PBXNativeTarget "PopOver" */ = {
			isa = XCConfigurationList;
			buildConfigurations = (
				8E3FBD791F7A010800C24FE8 /* Debug */,
				8E3FBD7A1F7A010800C24FE8 /* Release */,
			);
			defaultConfigurationIsVisible = 0;
			defaultConfigurationName = Release;
		};
/* End XCConfigurationList section */
	};
	rootObject = 8E3FBD5F1F7A010800C24FE8 /* Project object */;
}
